// !$*UTF8*$!
{
	archiveVersion = 1;
	classes = {
	};
	objectVersion = 55;
	objects = {

/* Begin PBXBuildFile section */
		9CB45A8827F4054A00F4E14F /* PizzaApplicationApp.swift in Sources */ = {isa = PBXBuildFile; fileRef = 9CB45A8727F4054A00F4E14F /* PizzaApplicationApp.swift */; };
		9CB45A8A27F4054A00F4E14F /* ContentView.swift in Sources */ = {isa = PBXBuildFile; fileRef = 9CB45A8927F4054A00F4E14F /* ContentView.swift */; };
		9CB45A8C27F4054B00F4E14F /* Assets.xcassets in Resources */ = {isa = PBXBuildFile; fileRef = 9CB45A8B27F4054B00F4E14F /* Assets.xcassets */; };
		9CB45A8F27F4054B00F4E14F /* Preview Assets.xcassets in Resources */ = {isa = PBXBuildFile; fileRef = 9CB45A8E27F4054B00F4E14F /* Preview Assets.xcassets */; };
		9CB45A9627F40AB500F4E14F /* PizzaList.swift in Sources */ = {isa = PBXBuildFile; fileRef = 9CB45A9527F40AB500F4E14F /* PizzaList.swift */; };
		9CB45A9827F4133900F4E14F /* Pizza.swift in Sources */ = {isa = PBXBuildFile; fileRef = 9CB45A9727F4133900F4E14F /* Pizza.swift */; };
		9CB45A9A27F4298800F4E14F /* NewPizzaView.swift in Sources */ = {isa = PBXBuildFile; fileRef = 9CB45A9927F4298800F4E14F /* NewPizzaView.swift */; };
		9CB45A9C27F4337800F4E14F /* PizzaDetailView.swift in Sources */ = {isa = PBXBuildFile; fileRef = 9CB45A9B27F4337800F4E14F /* PizzaDetailView.swift */; };
		9CB45A9E27F4379000F4E14F /* pizzas.json in Resources */ = {isa = PBXBuildFile; fileRef = 9CB45A9D27F4379000F4E14F /* pizzas.json */; };
		9CB45AA227F438CA00F4E14F /* PizzaModel.swift in Sources */ = {isa = PBXBuildFile; fileRef = 9CB45AA127F438CA00F4E14F /* PizzaModel.swift */; };
/* End PBXBuildFile section */

/* Begin PBXFileReference section */
		9CB45A8427F4054A00F4E14F /* PizzaApplication.app */ = {isa = PBXFileReference; explicitFileType = wrapper.application; includeInIndex = 0; path = PizzaApplication.app; sourceTree = BUILT_PRODUCTS_DIR; };
		9CB45A8727F4054A00F4E14F /* PizzaApplicationApp.swift */ = {isa = PBXFileReference; lastKnownFileType = sourcecode.swift; path = PizzaApplicationApp.swift; sourceTree = "<group>"; };
		9CB45A8927F4054A00F4E14F /* ContentView.swift */ = {isa = PBXFileReference; lastKnownFileType = sourcecode.swift; path = ContentView.swift; sourceTree = "<group>"; };
		9CB45A8B27F4054B00F4E14F /* Assets.xcassets */ = {isa = PBXFileReference; lastKnownFileType = folder.assetcatalog; path = Assets.xcassets; sourceTree = "<group>"; };
		9CB45A8E27F4054B00F4E14F /* Preview Assets.xcassets */ = {isa = PBXFileReference; lastKnownFileType = folder.assetcatalog; path = "Preview Assets.xcassets"; sourceTree = "<group>"; };
		9CB45A9527F40AB500F4E14F /* PizzaList.swift */ = {isa = PBXFileReference; lastKnownFileType = sourcecode.swift; path = PizzaList.swift; sourceTree = "<group>"; };
		9CB45A9727F4133900F4E14F /* Pizza.swift */ = {isa = PBXFileReference; lastKnownFileType = sourcecode.swift; path = Pizza.swift; sourceTree = "<group>"; };
		9CB45A9927F4298800F4E14F /* NewPizzaView.swift */ = {isa = PBXFileReference; lastKnownFileType = sourcecode.swift; path = NewPizzaView.swift; sourceTree = "<group>"; };
		9CB45A9B27F4337800F4E14F /* PizzaDetailView.swift */ = {isa = PBXFileReference; lastKnownFileType = sourcecode.swift; path = PizzaDetailView.swift; sourceTree = "<group>"; };
		9CB45A9D27F4379000F4E14F /* pizzas.json */ = {isa = PBXFileReference; lastKnownFileType = text.json; path = pizzas.json; sourceTree = "<group>"; };
		9CB45AA127F438CA00F4E14F /* PizzaModel.swift */ = {isa = PBXFileReference; lastKnownFileType = sourcecode.swift; path = PizzaModel.swift; sourceTree = "<group>"; };
/* End PBXFileReference section */

/* Begin PBXFrameworksBuildPhase section */
		9CB45A8127F4054A00F4E14F /* Frameworks */ = {
			isa = PBXFrameworksBuildPhase;
			buildActionMask = 2147483647;
			files = (
			);
			runOnlyForDeploymentPostprocessing = 0;
		};
/* End PBXFrameworksBuildPhase section */

/* Begin PBXGroup section */
		9CB45A7B27F4054A00F4E14F = {
			isa = PBXGroup;
			children = (
				9CB45A8627F4054A00F4E14F /* PizzaApplication */,
				9CB45A8527F4054A00F4E14F /* Products */,
			);
			sourceTree = "<group>";
		};
		9CB45A8527F4054A00F4E14F /* Products */ = {
			isa = PBXGroup;
			children = (
				9CB45A8427F4054A00F4E14F /* PizzaApplication.app */,
			);
			name = Products;
			sourceTree = "<group>";
		};
		9CB45A8627F4054A00F4E14F /* PizzaApplication */ = {
			isa = PBXGroup;
			children = (
				9CB45A8727F4054A00F4E14F /* PizzaApplicationApp.swift */,
				9CB45A8927F4054A00F4E14F /* ContentView.swift */,
				9CB45A8B27F4054B00F4E14F /* Assets.xcassets */,
				9CB45A8D27F4054B00F4E14F /* Preview Content */,
				9CB45A9527F40AB500F4E14F /* PizzaList.swift */,
				9CB45A9727F4133900F4E14F /* Pizza.swift */,
				9CB45A9927F4298800F4E14F /* NewPizzaView.swift */,
				9CB45A9B27F4337800F4E14F /* PizzaDetailView.swift */,
				9CB45A9D27F4379000F4E14F /* pizzas.json */,
				9CB45AA127F438CA00F4E14F /* PizzaModel.swift */,
			);
			path = PizzaApplication;
			sourceTree = "<group>";
		};
		9CB45A8D27F4054B00F4E14F /* Preview Content */ = {
			isa = PBXGroup;
			children = (
				9CB45A8E27F4054B00F4E14F /* Preview Assets.xcassets */,
			);
			path = "Preview Content";
			sourceTree = "<group>";
		};
/* End PBXGroup section */

/* Begin PBXNativeTarget section */
		9CB45A8327F4054A00F4E14F /* PizzaApplication */ = {
			isa = PBXNativeTarget;
			buildConfigurationList = 9CB45A9227F4054B00F4E14F /* Build configuration list for PBXNativeTarget "PizzaApplication" */;
			buildPhases = (
				9CB45A8027F4054A00F4E14F /* Sources */,
				9CB45A8127F4054A00F4E14F /* Frameworks */,
				9CB45A8227F4054A00F4E14F /* Resources */,
			);
			buildRules = (
			);
			dependencies = (
			);
			name = PizzaApplication;
			productName = PizzaApplication;
			productReference = 9CB45A8427F4054A00F4E14F /* PizzaApplication.app */;
			productType = "com.apple.product-type.application";
		};
/* End PBXNativeTarget section */

/* Begin PBXProject section */
		9CB45A7C27F4054A00F4E14F /* Project object */ = {
			isa = PBXProject;
			attributes = {
				BuildIndependentTargetsInParallel = 1;
				LastSwiftUpdateCheck = 1320;
				LastUpgradeCheck = 1320;
				TargetAttributes = {
					9CB45A8327F4054A00F4E14F = {
						CreatedOnToolsVersion = 13.2.1;
					};
				};
			};
			buildConfigurationList = 9CB45A7F27F4054A00F4E14F /* Build configuration list for PBXProject "PizzaApplication" */;
			compatibilityVersion = "Xcode 13.0";
			developmentRegion = en;
			hasScannedForEncodings = 0;
			knownRegions = (
				en,
				Base,
			);
			mainGroup = 9CB45A7B27F4054A00F4E14F;
			productRefGroup = 9CB45A8527F4054A00F4E14F /* Products */;
			projectDirPath = "";
			projectRoot = "";
			targets = (
				9CB45A8327F4054A00F4E14F /* PizzaApplication */,
			);
		};
/* End PBXProject section */

/* Begin PBXResourcesBuildPhase section */
		9CB45A8227F4054A00F4E14F /* Resources */ = {
			isa = PBXResourcesBuildPhase;
			buildActionMask = 2147483647;
			files = (
				9CB45A8F27F4054B00F4E14F /* Preview Assets.xcassets in Resources */,
				9CB45A8C27F4054B00F4E14F /* Assets.xcassets in Resources */,
				9CB45A9E27F4379000F4E14F /* pizzas.json in Resources */,
			);
			runOnlyForDeploymentPostprocessing = 0;
		};
/* End PBXResourcesBuildPhase section */

/* Begin PBXSourcesBuildPhase section */
		9CB45A8027F4054A00F4E14F /* Sources */ = {
			isa = PBXSourcesBuildPhase;
			buildActionMask = 2147483647;
			files = (
				9CB45A9C27F4337800F4E14F /* PizzaDetailView.swift in Sources */,
				9CB45A9A27F4298800F4E14F /* NewPizzaView.swift in Sources */,
				9CB45A9827F4133900F4E14F /* Pizza.swift in Sources */,
				9CB45A9627F40AB500F4E14F /* PizzaList.swift in Sources */,
				9CB45A8A27F4054A00F4E14F /* ContentView.swift in Sources */,
				9CB45AA227F438CA00F4E14F /* PizzaModel.swift in Sources */,
				9CB45A8827F4054A00F4E14F /* PizzaApplicationApp.swift in Sources */,
			);
			runOnlyForDeploymentPostprocessing = 0;
		};
/* End PBXSourcesBuildPhase section */

/* Begin XCBuildConfiguration section */
		9CB45A9027F4054B00F4E14F /* Debug */ = {
			isa = XCBuildConfiguration;
			buildSettings = {
				ALWAYS_SEARCH_USER_PATHS = NO;
				CLANG_ANALYZER_NONNULL = YES;
				CLANG_ANALYZER_NUMBER_OBJECT_CONVERSION = YES_AGGRESSIVE;
				CLANG_CXX_LANGUAGE_STANDARD = "gnu++17";
				CLANG_CXX_LIBRARY = "libc++";
				CLANG_ENABLE_MODULES = YES;
				CLANG_ENABLE_OBJC_ARC = YES;
				CLANG_ENABLE_OBJC_WEAK = YES;
				CLANG_WARN_BLOCK_CAPTURE_AUTORELEASING = YES;
				CLANG_WARN_BOOL_CONVERSION = YES;
				CLANG_WARN_COMMA = YES;
				CLANG_WARN_CONSTANT_CONVERSION = YES;
				CLANG_WARN_DEPRECATED_OBJC_IMPLEMENTATIONS = YES;
				CLANG_WARN_DIRECT_OBJC_ISA_USAGE = YES_ERROR;
				CLANG_WARN_DOCUMENTATION_COMMENTS = YES;
				CLANG_WARN_EMPTY_BODY = YES;
				CLANG_WARN_ENUM_CONVERSION = YES;
				CLANG_WARN_INFINITE_RECURSION = YES;
				CLANG_WARN_INT_CONVERSION = YES;
				CLANG_WARN_NON_LITERAL_NULL_CONVERSION = YES;
				CLANG_WARN_OBJC_IMPLICIT_RETAIN_SELF = YES;
				CLANG_WARN_OBJC_LITERAL_CONVERSION = YES;
				CLANG_WARN_OBJC_ROOT_CLASS = YES_ERROR;
				CLANG_WARN_QUOTED_INCLUDE_IN_FRAMEWORK_HEADER = YES;
				CLANG_WARN_RANGE_LOOP_ANALYSIS = YES;
				CLANG_WARN_STRICT_PROTOTYPES = YES;
				CLANG_WARN_SUSPICIOUS_MOVE = YES;
				CLANG_WARN_UNGUARDED_AVAILABILITY = YES_AGGRESSIVE;
				CLANG_WARN_UNREACHABLE_CODE = YES;
				CLANG_WARN__DUPLICATE_METHOD_MATCH = YES;
				COPY_PHASE_STRIP = NO;
				DEBUG_INFORMATION_FORMAT = dwarf;
				ENABLE_STRICT_OBJC_MSGSEND = YES;
				ENABLE_TESTABILITY = YES;
				GCC_C_LANGUAGE_STANDARD = gnu11;
				GCC_DYNAMIC_NO_PIC = NO;
				GCC_NO_COMMON_BLOCKS = YES;
				GCC_OPTIMIZATION_LEVEL = 0;
				GCC_PREPROCESSOR_DEFINITIONS = (
					"DEBUG=1",
					"$(inherited)",
				);
				GCC_WARN_64_TO_32_BIT_CONVERSION = YES;
				GCC_WARN_ABOUT_RETURN_TYPE = YES_ERROR;
				GCC_WARN_UNDECLARED_SELECTOR = YES;
				GCC_WARN_UNINITIALIZED_AUTOS = YES_AGGRESSIVE;
				GCC_WARN_UNUSED_FUNCTION = YES;
				GCC_WARN_UNUSED_VARIABLE = YES;
				IPHONEOS_DEPLOYMENT_TARGET = 15.2;
				MTL_ENABLE_DEBUG_INFO = INCLUDE_SOURCE;
				MTL_FAST_MATH = YES;
				ONLY_ACTIVE_ARCH = YES;
				SDKROOT = iphoneos;
				SWIFT_ACTIVE_COMPILATION_CONDITIONS = DEBUG;
				SWIFT_OPTIMIZATION_LEVEL = "-Onone";
			};
			name = Debug;
		};
		9CB45A9127F4054B00F4E14F /* Release */ = {
			isa = XCBuildConfiguration;
			buildSettings = {
				ALWAYS_SEARCH_USER_PATHS = NO;
				CLANG_ANALYZER_NONNULL = YES;
				CLANG_ANALYZER_NUMBER_OBJECT_CONVERSION = YES_AGGRESSIVE;
				CLANG_CXX_LANGUAGE_STANDARD = "gnu++17";
				CLANG_CXX_LIBRARY = "libc++";
				CLANG_ENABLE_MODULES = YES;
				CLANG_ENABLE_OBJC_ARC = YES;
				CLANG_ENABLE_OBJC_WEAK = YES;
				CLANG_WARN_BLOCK_CAPTURE_AUTORELEASING = YES;
				CLANG_WARN_BOOL_CONVERSION = YES;
				CLANG_WARN_COMMA = YES;
				CLANG_WARN_CONSTANT_CONVERSION = YES;
				CLANG_WARN_DEPRECATED_OBJC_IMPLEMENTATIONS = YES;
				CLANG_WARN_DIRECT_OBJC_ISA_USAGE = YES_ERROR;
				CLANG_WARN_DOCUMENTATION_COMMENTS = YES;
				CLANG_WARN_EMPTY_BODY = YES;
				CLANG_WARN_ENUM_CONVERSION = YES;
				CLANG_WARN_INFINITE_RECURSION = YES;
				CLANG_WARN_INT_CONVERSION = YES;
				CLANG_WARN_NON_LITERAL_NULL_CONVERSION = YES;
				CLANG_WARN_OBJC_IMPLICIT_RETAIN_SELF = YES;
				CLANG_WARN_OBJC_LITERAL_CONVERSION = YES;
				CLANG_WARN_OBJC_ROOT_CLASS = YES_ERROR;
				CLANG_WARN_QUOTED_INCLUDE_IN_FRAMEWORK_HEADER = YES;
				CLANG_WARN_RANGE_LOOP_ANALYSIS = YES;
				CLANG_WARN_STRICT_PROTOTYPES = YES;
				CLANG_WARN_SUSPICIOUS_MOVE = YES;
				CLANG_WARN_UNGUARDED_AVAILABILITY = YES_AGGRESSIVE;
				CLANG_WARN_UNREACHABLE_CODE = YES;
				CLANG_WARN__DUPLICATE_METHOD_MATCH = YES;
				COPY_PHASE_STRIP = NO;
				DEBUG_INFORMATION_FORMAT = "dwarf-with-dsym";
				ENABLE_NS_ASSERTIONS = NO;
				ENABLE_STRICT_OBJC_MSGSEND = YES;
				GCC_C_LANGUAGE_STANDARD = gnu11;
				GCC_NO_COMMON_BLOCKS = YES;
				GCC_WARN_64_TO_32_BIT_CONVERSION = YES;
				GCC_WARN_ABOUT_RETURN_TYPE = YES_ERROR;
				GCC_WARN_UNDECLARED_SELECTOR = YES;
				GCC_WARN_UNINITIALIZED_AUTOS = YES_AGGRESSIVE;
				GCC_WARN_UNUSED_FUNCTION = YES;
				GCC_WARN_UNUSED_VARIABLE = YES;
				IPHONEOS_DEPLOYMENT_TARGET = 15.2;
				MTL_ENABLE_DEBUG_INFO = NO;
				MTL_FAST_MATH = YES;
				SDKROOT = iphoneos;
				SWIFT_COMPILATION_MODE = wholemodule;
				SWIFT_OPTIMIZATION_LEVEL = "-O";
				VALIDATE_PRODUCT = YES;
			};
			name = Release;
		};
		9CB45A9327F4054B00F4E14F /* Debug */ = {
			isa = XCBuildConfiguration;
			buildSettings = {
				ASSETCATALOG_COMPILER_APPICON_NAME = AppIcon;
				ASSETCATALOG_COMPILER_GLOBAL_ACCENT_COLOR_NAME = AccentColor;
				CODE_SIGN_STYLE = Automatic;
				CURRENT_PROJECT_VERSION = 1;
				DEVELOPMENT_ASSET_PATHS = "\"PizzaApplication/Preview Content\"";
				DEVELOPMENT_TEAM = TJXA4Y9997;
				ENABLE_PREVIEWS = YES;
				GENERATE_INFOPLIST_FILE = YES;
				INFOPLIST_KEY_UIApplicationSceneManifest_Generation = YES;
				INFOPLIST_KEY_UIApplicationSupportsIndirectInputEvents = YES;
				INFOPLIST_KEY_UILaunchScreen_Generation = YES;
				INFOPLIST_KEY_UISupportedInterfaceOrientations_iPad = "UIInterfaceOrientationPortrait UIInterfaceOrientationPortraitUpsideDown UIInterfaceOrientationLandscapeLeft UIInterfaceOrientationLandscapeRight";
				INFOPLIST_KEY_UISupportedInterfaceOrientations_iPhone = "UIInterfaceOrientationPortrait UIInterfaceOrientationLandscapeLeft UIInterfaceOrientationLandscapeRight";
				LD_RUNPATH_SEARCH_PATHS = (
					"$(inherited)",
					"@executable_path/Frameworks",
				);
				MARKETING_VERSION = 1.0;
				PRODUCT_BUNDLE_IDENTIFIER = com.dinukapiyadigama.PizzaApplication;
				PRODUCT_NAME = "$(TARGET_NAME)";
				SWIFT_EMIT_LOC_STRINGS = YES;
				SWIFT_VERSION = 5.0;
				TARGETED_DEVICE_FAMILY = "1,2";
			};
			name = Debug;
		};
		9CB45A9427F4054B00F4E14F /* Release */ = {
			isa = XCBuildConfiguration;
			buildSettings = {
				ASSETCATALOG_COMPILER_APPICON_NAME = AppIcon;
				ASSETCATALOG_COMPILER_GLOBAL_ACCENT_COLOR_NAME = AccentColor;
				CODE_SIGN_STYLE = Automatic;
				CURRENT_PROJECT_VERSION = 1;
				DEVELOPMENT_ASSET_PATHS = "\"PizzaApplication/Preview Content\"";
				DEVELOPMENT_TEAM = TJXA4Y9997;
				ENABLE_PREVIEWS = YES;
				GENERATE_INFOPLIST_FILE = YES;
				INFOPLIST_KEY_UIApplicationSceneManifest_Generation = YES;
				INFOPLIST_KEY_UIApplicationSupportsIndirectInputEvents = YES;
				INFOPLIST_KEY_UILaunchScreen_Generation = YES;
				INFOPLIST_KEY_UISupportedInterfaceOrientations_iPad = "UIInterfaceOrientationPortrait UIInterfaceOrientationPortraitUpsideDown UIInterfaceOrientationLandscapeLeft UIInterfaceOrientationLandscapeRight";
				INFOPLIST_KEY_UISupportedInterfaceOrientations_iPhone = "UIInterfaceOrientationPortrait UIInterfaceOrientationLandscapeLeft UIInterfaceOrientationLandscapeRight";
				LD_RUNPATH_SEARCH_PATHS = (
					"$(inherited)",
					"@executable_path/Frameworks",
				);
				MARKETING_VERSION = 1.0;
				PRODUCT_BUNDLE_IDENTIFIER = com.dinukapiyadigama.PizzaApplication;
				PRODUCT_NAME = "$(TARGET_NAME)";
				SWIFT_EMIT_LOC_STRINGS = YES;
				SWIFT_VERSION = 5.0;
				TARGETED_DEVICE_FAMILY = "1,2";
			};
			name = Release;
		};
/* End XCBuildConfiguration section */

/* Begin XCConfigurationList section */
		9CB45A7F27F4054A00F4E14F /* Build configuration list for PBXProject "PizzaApplication" */ = {
			isa = XCConfigurationList;
			buildConfigurations = (
				9CB45A9027F4054B00F4E14F /* Debug */,
				9CB45A9127F4054B00F4E14F /* Release */,
			);
			defaultConfigurationIsVisible = 0;
			defaultConfigurationName = Release;
		};
		9CB45A9227F4054B00F4E14F /* Build configuration list for PBXNativeTarget "PizzaApplication" */ = {
			isa = XCConfigurationList;
			buildConfigurations = (
				9CB45A9327F4054B00F4E14F /* Debug */,
				9CB45A9427F4054B00F4E14F /* Release */,
			);
			defaultConfigurationIsVisible = 0;
			defaultConfigurationName = Release;
		};
/* End XCConfigurationList section */
	};
	rootObject = 9CB45A7C27F4054A00F4E14F /* Project object */;
}
